
Microsoft Visual Studio Solution File, Format Version 12.00
# Visual Studio 15
VisualStudioVersion = 15.0.28307.1300
MinimumVisualStudioVersion = 10.0.40219.1
Project("{FAE04EC0-301F-11D3-BF4B-00C04F79EFBC}") = "lab_i_14", "lab_i_14\lab_i_14.csproj", "{FF5BD301-6867-4B7E-B031-38AC8A34DC2A}"
EndProject
Global
	GlobalSection(SolutionConfigurationPlatforms) = preSolution
		Debug|Any CPU = Debug|Any CPU
		Release|Any CPU = Release|Any CPU
	EndGlobalSection
	GlobalSection(ProjectConfigurationPlatforms) = postSolution
		{FF5BD301-6867-4B7E-B031-38AC8A34DC2A}.Debug|Any CPU.ActiveCfg = Debug|Any CPU
		{FF5BD301-6867-4B7E-B031-38AC8A34DC2A}.Debug|Any CPU.Build.0 = Debug|Any CPU
		{FF5BD301-6867-4B7E-B031-38AC8A34DC2A}.Release|Any CPU.ActiveCfg = Release|Any CPU
		{FF5BD301-6867-4B7E-B031-38AC8A34DC2A}.Release|Any CPU.Build.0 = Release|Any CPU
	EndGlobalSection
	GlobalSection(SolutionProperties) = preSolution
		HideSolutionNode = FALSE
	EndGlobalSection
	GlobalSection(ExtensibilityGlobals) = postSolution
		SolutionGuid = {60084C1B-CEB9-4519-A205-08D127ACDEC8}
	EndGlobalSection
EndGlobal
