
Microsoft Visual Studio Solution File, Format Version 12.00
# Visual Studio Version 16
VisualStudioVersion = 16.0.30413.136
MinimumVisualStudioVersion = 10.0.40219.1
Project("{FAE04EC0-301F-11D3-BF4B-00C04F79EFBC}") = "lab_0_final", "lab_0_final\lab_0_final.csproj", "{1D13508C-40E7-47BC-A3C1-FC4D95103766}"
EndProject
Global
	GlobalSection(SolutionConfigurationPlatforms) = preSolution
		Debug|Any CPU = Debug|Any CPU
		Release|Any CPU = Release|Any CPU
	EndGlobalSection
	GlobalSection(ProjectConfigurationPlatforms) = postSolution
		{1D13508C-40E7-47BC-A3C1-FC4D95103766}.Debug|Any CPU.ActiveCfg = Debug|Any CPU
		{1D13508C-40E7-47BC-A3C1-FC4D95103766}.Debug|Any CPU.Build.0 = Debug|Any CPU
		{1D13508C-40E7-47BC-A3C1-FC4D95103766}.Release|Any CPU.ActiveCfg = Release|Any CPU
		{1D13508C-40E7-47BC-A3C1-FC4D95103766}.Release|Any CPU.Build.0 = Release|Any CPU
	EndGlobalSection
	GlobalSection(SolutionProperties) = preSolution
		HideSolutionNode = FALSE
	EndGlobalSection
	GlobalSection(ExtensibilityGlobals) = postSolution
		SolutionGuid = {A3884EEC-0133-4DB3-B034-8D7E01B4D903}
	EndGlobalSection
EndGlobal
