
Microsoft Visual Studio Solution File, Format Version 12.00
# Visual Studio Version 16
VisualStudioVersion = 16.0.30413.136
MinimumVisualStudioVersion = 10.0.40219.1
Project("{FAE04EC0-301F-11D3-BF4B-00C04F79EFBC}") = "lab_9_3", "lab_9_3\lab_9_3.csproj", "{6A550D8C-F020-4712-8241-F6C3297588B1}"
EndProject
Global
	GlobalSection(SolutionConfigurationPlatforms) = preSolution
		Debug|Any CPU = Debug|Any CPU
		Release|Any CPU = Release|Any CPU
	EndGlobalSection
	GlobalSection(ProjectConfigurationPlatforms) = postSolution
		{6A550D8C-F020-4712-8241-F6C3297588B1}.Debug|Any CPU.ActiveCfg = Debug|Any CPU
		{6A550D8C-F020-4712-8241-F6C3297588B1}.Debug|Any CPU.Build.0 = Debug|Any CPU
		{6A550D8C-F020-4712-8241-F6C3297588B1}.Release|Any CPU.ActiveCfg = Release|Any CPU
		{6A550D8C-F020-4712-8241-F6C3297588B1}.Release|Any CPU.Build.0 = Release|Any CPU
	EndGlobalSection
	GlobalSection(SolutionProperties) = preSolution
		HideSolutionNode = FALSE
	EndGlobalSection
	GlobalSection(ExtensibilityGlobals) = postSolution
		SolutionGuid = {C0321046-5D7B-4E5D-96D6-3F5D7491EA41}
	EndGlobalSection
EndGlobal
