
Microsoft Visual Studio Solution File, Format Version 12.00
# Visual Studio 15
VisualStudioVersion = 15.0.28307.1321
MinimumVisualStudioVersion = 10.0.40219.1
Project("{FAE04EC0-301F-11D3-BF4B-00C04F79EFBC}") = "WebApplication1", "WebApplication1\WebApplication1.csproj", "{FAD1A3C5-F5AD-48FD-B043-B9483C89E83A}"
EndProject
Global
	GlobalSection(SolutionConfigurationPlatforms) = preSolution
		Debug|Any CPU = Debug|Any CPU
		Release|Any CPU = Release|Any CPU
	EndGlobalSection
	GlobalSection(ProjectConfigurationPlatforms) = postSolution
		{FAD1A3C5-F5AD-48FD-B043-B9483C89E83A}.Debug|Any CPU.ActiveCfg = Debug|Any CPU
		{FAD1A3C5-F5AD-48FD-B043-B9483C89E83A}.Debug|Any CPU.Build.0 = Debug|Any CPU
		{FAD1A3C5-F5AD-48FD-B043-B9483C89E83A}.Release|Any CPU.ActiveCfg = Release|Any CPU
		{FAD1A3C5-F5AD-48FD-B043-B9483C89E83A}.Release|Any CPU.Build.0 = Release|Any CPU
	EndGlobalSection
	GlobalSection(SolutionProperties) = preSolution
		HideSolutionNode = FALSE
	EndGlobalSection
	GlobalSection(ExtensibilityGlobals) = postSolution
		SolutionGuid = {A0E15DCF-5632-42A1-8683-85EF3325EA68}
	EndGlobalSection
EndGlobal
