
Microsoft Visual Studio Solution File, Format Version 12.00
# Visual Studio Version 16
VisualStudioVersion = 16.0.30413.136
MinimumVisualStudioVersion = 10.0.40219.1
Project("{FAE04EC0-301F-11D3-BF4B-00C04F79EFBC}") = "lab_6_1-N", "lab_6_1-N\lab_6_1-N.csproj", "{DA6A006B-912C-4DFB-A585-98642277A5B9}"
EndProject
Global
	GlobalSection(SolutionConfigurationPlatforms) = preSolution
		Debug|Any CPU = Debug|Any CPU
		Release|Any CPU = Release|Any CPU
	EndGlobalSection
	GlobalSection(ProjectConfigurationPlatforms) = postSolution
		{DA6A006B-912C-4DFB-A585-98642277A5B9}.Debug|Any CPU.ActiveCfg = Debug|Any CPU
		{DA6A006B-912C-4DFB-A585-98642277A5B9}.Debug|Any CPU.Build.0 = Debug|Any CPU
		{DA6A006B-912C-4DFB-A585-98642277A5B9}.Release|Any CPU.ActiveCfg = Release|Any CPU
		{DA6A006B-912C-4DFB-A585-98642277A5B9}.Release|Any CPU.Build.0 = Release|Any CPU
	EndGlobalSection
	GlobalSection(SolutionProperties) = preSolution
		HideSolutionNode = FALSE
	EndGlobalSection
	GlobalSection(ExtensibilityGlobals) = postSolution
		SolutionGuid = {95C8844D-266B-4398-9D10-96B71EEC62E3}
	EndGlobalSection
EndGlobal
