
Microsoft Visual Studio Solution File, Format Version 12.00
# Visual Studio Version 16
VisualStudioVersion = 16.0.30413.136
MinimumVisualStudioVersion = 10.0.40219.1
Project("{FAE04EC0-301F-11D3-BF4B-00C04F79EFBC}") = "Lab_16", "Lab_16\Lab_16.csproj", "{E2AE9B97-57D6-4368-AD1D-B13B8AC28F14}"
EndProject
Global
	GlobalSection(SolutionConfigurationPlatforms) = preSolution
		Debug|Any CPU = Debug|Any CPU
		Release|Any CPU = Release|Any CPU
	EndGlobalSection
	GlobalSection(ProjectConfigurationPlatforms) = postSolution
		{E2AE9B97-57D6-4368-AD1D-B13B8AC28F14}.Debug|Any CPU.ActiveCfg = Debug|Any CPU
		{E2AE9B97-57D6-4368-AD1D-B13B8AC28F14}.Debug|Any CPU.Build.0 = Debug|Any CPU
		{E2AE9B97-57D6-4368-AD1D-B13B8AC28F14}.Release|Any CPU.ActiveCfg = Release|Any CPU
		{E2AE9B97-57D6-4368-AD1D-B13B8AC28F14}.Release|Any CPU.Build.0 = Release|Any CPU
	EndGlobalSection
	GlobalSection(SolutionProperties) = preSolution
		HideSolutionNode = FALSE
	EndGlobalSection
	GlobalSection(ExtensibilityGlobals) = postSolution
		SolutionGuid = {747EE729-1892-4992-BB06-972F69000992}
	EndGlobalSection
EndGlobal
