
Microsoft Visual Studio Solution File, Format Version 12.00
# Visual Studio Version 16
VisualStudioVersion = 16.0.30413.136
MinimumVisualStudioVersion = 10.0.40219.1
Project("{FAE04EC0-301F-11D3-BF4B-00C04F79EFBC}") = "lab_9_1", "lab_9_1\lab_9_1.csproj", "{52D5AB74-7AE4-4EE1-B9B7-28E0CA9ACD85}"
EndProject
Global
	GlobalSection(SolutionConfigurationPlatforms) = preSolution
		Debug|Any CPU = Debug|Any CPU
		Release|Any CPU = Release|Any CPU
	EndGlobalSection
	GlobalSection(ProjectConfigurationPlatforms) = postSolution
		{52D5AB74-7AE4-4EE1-B9B7-28E0CA9ACD85}.Debug|Any CPU.ActiveCfg = Debug|Any CPU
		{52D5AB74-7AE4-4EE1-B9B7-28E0CA9ACD85}.Debug|Any CPU.Build.0 = Debug|Any CPU
		{52D5AB74-7AE4-4EE1-B9B7-28E0CA9ACD85}.Release|Any CPU.ActiveCfg = Release|Any CPU
		{52D5AB74-7AE4-4EE1-B9B7-28E0CA9ACD85}.Release|Any CPU.Build.0 = Release|Any CPU
	EndGlobalSection
	GlobalSection(SolutionProperties) = preSolution
		HideSolutionNode = FALSE
	EndGlobalSection
	GlobalSection(ExtensibilityGlobals) = postSolution
		SolutionGuid = {A85D47F4-A9F1-47D9-B245-DA6A2A69BDD9}
	EndGlobalSection
EndGlobal
