
Microsoft Visual Studio Solution File, Format Version 12.00
# Visual Studio Version 16
VisualStudioVersion = 16.0.30413.136
MinimumVisualStudioVersion = 10.0.40219.1
Project("{FAE04EC0-301F-11D3-BF4B-00C04F79EFBC}") = "lab_i_9", "lab_i_9\lab_i_9.csproj", "{ED200339-D971-4689-9E48-9D35B7798AC5}"
EndProject
Global
	GlobalSection(SolutionConfigurationPlatforms) = preSolution
		Debug|Any CPU = Debug|Any CPU
		Release|Any CPU = Release|Any CPU
	EndGlobalSection
	GlobalSection(ProjectConfigurationPlatforms) = postSolution
		{ED200339-D971-4689-9E48-9D35B7798AC5}.Debug|Any CPU.ActiveCfg = Debug|Any CPU
		{ED200339-D971-4689-9E48-9D35B7798AC5}.Debug|Any CPU.Build.0 = Debug|Any CPU
		{ED200339-D971-4689-9E48-9D35B7798AC5}.Release|Any CPU.ActiveCfg = Release|Any CPU
		{ED200339-D971-4689-9E48-9D35B7798AC5}.Release|Any CPU.Build.0 = Release|Any CPU
	EndGlobalSection
	GlobalSection(SolutionProperties) = preSolution
		HideSolutionNode = FALSE
	EndGlobalSection
	GlobalSection(ExtensibilityGlobals) = postSolution
		SolutionGuid = {D76568A6-BABF-41DB-9E02-B0829B0CA9EF}
	EndGlobalSection
EndGlobal
